// !$*UTF8*$!
{
	archiveVersion = 1;
	classes = {
	};
	objectVersion = 56;
	objects = {

/* Begin PBXBuildFile section */
		B906A6882C6A9F94006ED5AB /* Draw.swift in Sources */ = {isa = PBXBuildFile; fileRef = B906A6872C6A9F94006ED5AB /* Draw.swift */; };
		B906A68B2C6A9FF0006ED5AB /* ResultViewModelTests.swift in Sources */ = {isa = PBXBuildFile; fileRef = B906A68A2C6A9FF0006ED5AB /* ResultViewModelTests.swift */; };
		B906A6932C6AA0B3006ED5AB /* DrawsApiServiceSpy.swift in Sources */ = {isa = PBXBuildFile; fileRef = B906A6922C6AA0B3006ED5AB /* DrawsApiServiceSpy.swift */; };
		B906A6952C6AA66F006ED5AB /* FaultyJSON.json in Resources */ = {isa = PBXBuildFile; fileRef = B906A6942C6AA66F006ED5AB /* FaultyJSON.json */; };
		B906A6982C6B4ADC006ED5AB /* InvalidDates.json in Resources */ = {isa = PBXBuildFile; fileRef = B906A6972C6B4ADC006ED5AB /* InvalidDates.json */; };
		B906A69A2C6B4FE3006ED5AB /* ResultDetailView.swift in Sources */ = {isa = PBXBuildFile; fileRef = B906A6992C6B4FE3006ED5AB /* ResultDetailView.swift */; };
		B906A69C2C6B4FF1006ED5AB /* ResultDetailViewModel.swift in Sources */ = {isa = PBXBuildFile; fileRef = B906A69B2C6B4FF1006ED5AB /* ResultDetailViewModel.swift */; };
		B906A69E2C6B513D006ED5AB /* OutcomeView.swift in Sources */ = {isa = PBXBuildFile; fileRef = B906A69D2C6B513D006ED5AB /* OutcomeView.swift */; };
		B906A6A02C6B518C006ED5AB /* OutcomeViewModel.swift in Sources */ = {isa = PBXBuildFile; fileRef = B906A69F2C6B518C006ED5AB /* OutcomeViewModel.swift */; };
		B906A6A22C6B555B006ED5AB /* PrizeTitleViewModifier.swift in Sources */ = {isa = PBXBuildFile; fileRef = B906A6A12C6B555B006ED5AB /* PrizeTitleViewModifier.swift */; };
		B906A6A42C6B5D4B006ED5AB /* BallView.swift in Sources */ = {isa = PBXBuildFile; fileRef = B906A6A32C6B5D4B006ED5AB /* BallView.swift */; };
		B906A6A62C6B5E53006ED5AB /* BallViewModel.swift in Sources */ = {isa = PBXBuildFile; fileRef = B906A6A52C6B5E53006ED5AB /* BallViewModel.swift */; };
		B906A6A82C6B69D8006ED5AB /* ResultDetailViewModelTests.swift in Sources */ = {isa = PBXBuildFile; fileRef = B906A6A72C6B69D8006ED5AB /* ResultDetailViewModelTests.swift */; };
		B906A6AA2C6B6A08006ED5AB /* Draw+Extensions.swift in Sources */ = {isa = PBXBuildFile; fileRef = B906A6A92C6B6A08006ED5AB /* Draw+Extensions.swift */; };
		B906A6AC2C6B6D71006ED5AB /* DrawExtensionsTests.swift in Sources */ = {isa = PBXBuildFile; fileRef = B906A6AB2C6B6D71006ED5AB /* DrawExtensionsTests.swift */; };
		B906A6AE2C6B8687006ED5AB /* MainView.swift in Sources */ = {isa = PBXBuildFile; fileRef = B906A6AD2C6B8687006ED5AB /* MainView.swift */; };
		B906A6B42C6B8718006ED5AB /* MyTicketsView.swift in Sources */ = {isa = PBXBuildFile; fileRef = B906A6B32C6B8718006ED5AB /* MyTicketsView.swift */; };
		B906A6B72C6B872A006ED5AB /* MyTicketsViewModel.swift in Sources */ = {isa = PBXBuildFile; fileRef = B906A6B62C6B872A006ED5AB /* MyTicketsViewModel.swift */; };
		B906A6BC2C6B8A17006ED5AB /* Tickets.swift in Sources */ = {isa = PBXBuildFile; fileRef = B906A6BB2C6B8A17006ED5AB /* Tickets.swift */; };
		B906A6BE2C6B8A6A006ED5AB /* Ticket.swift in Sources */ = {isa = PBXBuildFile; fileRef = B906A6BD2C6B8A6A006ED5AB /* Ticket.swift */; };
		B906A6C02C6B8AAF006ED5AB /* MyTicketsApiServiceUseCase.swift in Sources */ = {isa = PBXBuildFile; fileRef = B906A6BF2C6B8AAF006ED5AB /* MyTicketsApiServiceUseCase.swift */; };
		B90E288B2C6CB20F008E2053 /* Localizable.xcstrings in Resources */ = {isa = PBXBuildFile; fileRef = B90E288A2C6CB20F008E2053 /* Localizable.xcstrings */; };
		B90E288D2C6CD397008E2053 /* BallState.swift in Sources */ = {isa = PBXBuildFile; fileRef = B90E288C2C6CD397008E2053 /* BallState.swift */; };
		B90E288F2C6CD7EF008E2053 /* Date+Extensions.swift in Sources */ = {isa = PBXBuildFile; fileRef = B90E288E2C6CD7EF008E2053 /* Date+Extensions.swift */; };
		B90E28912C6CDEA9008E2053 /* ResultsViewModelFactory.swift in Sources */ = {isa = PBXBuildFile; fileRef = B90E28902C6CDEA9008E2053 /* ResultsViewModelFactory.swift */; };
		B90E28932C6CDF38008E2053 /* MyTicketsViewModelFactory.swift in Sources */ = {isa = PBXBuildFile; fileRef = B90E28922C6CDF38008E2053 /* MyTicketsViewModelFactory.swift */; };
		B90E28952C6CEF88008E2053 /* AnimatingBall.swift in Sources */ = {isa = PBXBuildFile; fileRef = B90E28942C6CEF88008E2053 /* AnimatingBall.swift */; };
		B912B46A2C6B90E900823E6E /* MainViewModel.swift in Sources */ = {isa = PBXBuildFile; fileRef = B912B4692C6B90E900823E6E /* MainViewModel.swift */; };
		B912B46C2C6BA31800823E6E /* MainViewModelTests.swift in Sources */ = {isa = PBXBuildFile; fileRef = B912B46B2C6BA31800823E6E /* MainViewModelTests.swift */; };
		B912B46E2C6BA33900823E6E /* BallViewModelTests.swift in Sources */ = {isa = PBXBuildFile; fileRef = B912B46D2C6BA33900823E6E /* BallViewModelTests.swift */; };
		B912B4702C6BA35800823E6E /* MyTicketsViewModelTests.swift in Sources */ = {isa = PBXBuildFile; fileRef = B912B46F2C6BA35800823E6E /* MyTicketsViewModelTests.swift */; };
		B912B4742C6BAC7600823E6E /* MyTicketsApiServiceSpy.swift in Sources */ = {isa = PBXBuildFile; fileRef = B912B4732C6BAC7600823E6E /* MyTicketsApiServiceSpy.swift */; };
		B912B4762C6BB11200823E6E /* Ticket+Extensions.swift in Sources */ = {isa = PBXBuildFile; fileRef = B912B4752C6BB11200823E6E /* Ticket+Extensions.swift */; };
		B912B4782C6BB48300823E6E /* Matches.swift in Sources */ = {isa = PBXBuildFile; fileRef = B912B4772C6BB48300823E6E /* Matches.swift */; };
		B912B47B2C6BB4BB00823E6E /* MatchesTests.swift in Sources */ = {isa = PBXBuildFile; fileRef = B912B47A2C6BB4BB00823E6E /* MatchesTests.swift */; };
		B912B47F2C6BB58D00823E6E /* OutcomeViewModelConvertibleExtension.swift in Sources */ = {isa = PBXBuildFile; fileRef = B912B47E2C6BB58D00823E6E /* OutcomeViewModelConvertibleExtension.swift */; };
		B912B4812C6BB5D800823E6E /* TicketExtensionTests.swift in Sources */ = {isa = PBXBuildFile; fileRef = B912B4802C6BB5D800823E6E /* TicketExtensionTests.swift */; };
		B9CE56A02C6D4E4700AC017C /* DrawsApiService.swift in Sources */ = {isa = PBXBuildFile; fileRef = B9CE569F2C6D4E4700AC017C /* DrawsApiService.swift */; };
		B9CE56A22C6D4FD200AC017C /* MyTicketsApiService.swift in Sources */ = {isa = PBXBuildFile; fileRef = B9CE56A12C6D4FD200AC017C /* MyTicketsApiService.swift */; };
		B9CE56A42C6DEB6D00AC017C /* DataCacher.swift in Sources */ = {isa = PBXBuildFile; fileRef = B9CE56A32C6DEB6D00AC017C /* DataCacher.swift */; };
		B9CE56A62C6DEE0500AC017C /* Endpoint.swift in Sources */ = {isa = PBXBuildFile; fileRef = B9CE56A52C6DEE0500AC017C /* Endpoint.swift */; };
		B9CE56A82C6DF84200AC017C /* StubMyTicketsData.json in Resources */ = {isa = PBXBuildFile; fileRef = B9CE56A72C6DF84200AC017C /* StubMyTicketsData.json */; };
		B9CE56AA2C6DF85200AC017C /* StubLottoResultsData.json in Resources */ = {isa = PBXBuildFile; fileRef = B9CE56A92C6DF85200AC017C /* StubLottoResultsData.json */; };
		B9CE56AC2C6DF88900AC017C /* StubDataMyTicketsApiService.swift in Sources */ = {isa = PBXBuildFile; fileRef = B9CE56AB2C6DF88900AC017C /* StubDataMyTicketsApiService.swift */; };
		B9CE56B02C6DF96700AC017C /* StubDrawsApiService.swift in Sources */ = {isa = PBXBuildFile; fileRef = B9CE56AF2C6DF96700AC017C /* StubDrawsApiService.swift */; };
		B9CE56B22C6DFAF500AC017C /* MyTicketsApiServiceTests.swift in Sources */ = {isa = PBXBuildFile; fileRef = B9CE56B12C6DFAF500AC017C /* MyTicketsApiServiceTests.swift */; };
		B9CE56B62C6E0A6100AC017C /* DataCacherTests.swift in Sources */ = {isa = PBXBuildFile; fileRef = B9CE56B52C6E0A6100AC017C /* DataCacherTests.swift */; };
		B9CE56B82C6E0CEB00AC017C /* DrawsApiServiceTests.swift in Sources */ = {isa = PBXBuildFile; fileRef = B9CE56B72C6E0CEB00AC017C /* DrawsApiServiceTests.swift */; };
		B9FE57412C6A4D0100F61A78 /* MkodoTechTestApp.swift in Sources */ = {isa = PBXBuildFile; fileRef = B9FE57402C6A4D0100F61A78 /* MkodoTechTestApp.swift */; };
		B9FE57432C6A4D0100F61A78 /* AllResultsView.swift in Sources */ = {isa = PBXBuildFile; fileRef = B9FE57422C6A4D0100F61A78 /* AllResultsView.swift */; };
		B9FE57452C6A4D0500F61A78 /* Assets.xcassets in Resources */ = {isa = PBXBuildFile; fileRef = B9FE57442C6A4D0500F61A78 /* Assets.xcassets */; };
		B9FE57482C6A4D0500F61A78 /* Preview Assets.xcassets in Resources */ = {isa = PBXBuildFile; fileRef = B9FE57472C6A4D0500F61A78 /* Preview Assets.xcassets */; };
		B9FE57522C6A4D0500F61A78 /* AllResultsViewModelTests.swift in Sources */ = {isa = PBXBuildFile; fileRef = B9FE57512C6A4D0500F61A78 /* AllResultsViewModelTests.swift */; };
		B9FE576B2C6A4E3200F61A78 /* AllResultsViewModel.swift in Sources */ = {isa = PBXBuildFile; fileRef = B9FE576A2C6A4E3200F61A78 /* AllResultsViewModel.swift */; };
		B9FE576E2C6A4E6F00F61A78 /* Draws.swift in Sources */ = {isa = PBXBuildFile; fileRef = B9FE576D2C6A4E6F00F61A78 /* Draws.swift */; };
		B9FE57712C6A51AF00F61A78 /* DrawsApiServiceUseCase.swift in Sources */ = {isa = PBXBuildFile; fileRef = B9FE57702C6A51AF00F61A78 /* DrawsApiServiceUseCase.swift */; };
		B9FE57772C6A576600F61A78 /* ApiServiceError.swift in Sources */ = {isa = PBXBuildFile; fileRef = B9FE57762C6A576600F61A78 /* ApiServiceError.swift */; };
		B9FE577B2C6A58E600F61A78 /* ResultView.swift in Sources */ = {isa = PBXBuildFile; fileRef = B9FE577A2C6A58E600F61A78 /* ResultView.swift */; };
		B9FE577D2C6A595000F61A78 /* ResultViewModel.swift in Sources */ = {isa = PBXBuildFile; fileRef = B9FE577C2C6A595000F61A78 /* ResultViewModel.swift */; };
		B9FE57802C6A5C2100F61A78 /* DateViewModifier.swift in Sources */ = {isa = PBXBuildFile; fileRef = B9FE577F2C6A5C2100F61A78 /* DateViewModifier.swift */; };
/* End PBXBuildFile section */

/* Begin PBXContainerItemProxy section */
		B9FE574E2C6A4D0500F61A78 /* PBXContainerItemProxy */ = {
			isa = PBXContainerItemProxy;
			containerPortal = B9FE57352C6A4D0100F61A78 /* Project object */;
			proxyType = 1;
			remoteGlobalIDString = B9FE573C2C6A4D0100F61A78;
			remoteInfo = MkodoTechTest;
		};
/* End PBXContainerItemProxy section */

/* Begin PBXFileReference section */
		B906A6872C6A9F94006ED5AB /* Draw.swift */ = {isa = PBXFileReference; lastKnownFileType = sourcecode.swift; path = Draw.swift; sourceTree = "<group>"; };
		B906A68A2C6A9FF0006ED5AB /* ResultViewModelTests.swift */ = {isa = PBXFileReference; lastKnownFileType = sourcecode.swift; path = ResultViewModelTests.swift; sourceTree = "<group>"; };
		B906A6922C6AA0B3006ED5AB /* DrawsApiServiceSpy.swift */ = {isa = PBXFileReference; lastKnownFileType = sourcecode.swift; path = DrawsApiServiceSpy.swift; sourceTree = "<group>"; };
		B906A6942C6AA66F006ED5AB /* FaultyJSON.json */ = {isa = PBXFileReference; lastKnownFileType = text.json; path = FaultyJSON.json; sourceTree = "<group>"; };
		B906A6972C6B4ADC006ED5AB /* InvalidDates.json */ = {isa = PBXFileReference; lastKnownFileType = text.json; path = InvalidDates.json; sourceTree = "<group>"; };
		B906A6992C6B4FE3006ED5AB /* ResultDetailView.swift */ = {isa = PBXFileReference; lastKnownFileType = sourcecode.swift; path = ResultDetailView.swift; sourceTree = "<group>"; };
		B906A69B2C6B4FF1006ED5AB /* ResultDetailViewModel.swift */ = {isa = PBXFileReference; lastKnownFileType = sourcecode.swift; path = ResultDetailViewModel.swift; sourceTree = "<group>"; };
		B906A69D2C6B513D006ED5AB /* OutcomeView.swift */ = {isa = PBXFileReference; lastKnownFileType = sourcecode.swift; path = OutcomeView.swift; sourceTree = "<group>"; };
		B906A69F2C6B518C006ED5AB /* OutcomeViewModel.swift */ = {isa = PBXFileReference; lastKnownFileType = sourcecode.swift; path = OutcomeViewModel.swift; sourceTree = "<group>"; };
		B906A6A12C6B555B006ED5AB /* PrizeTitleViewModifier.swift */ = {isa = PBXFileReference; lastKnownFileType = sourcecode.swift; path = PrizeTitleViewModifier.swift; sourceTree = "<group>"; };
		B906A6A32C6B5D4B006ED5AB /* BallView.swift */ = {isa = PBXFileReference; lastKnownFileType = sourcecode.swift; path = BallView.swift; sourceTree = "<group>"; };
		B906A6A52C6B5E53006ED5AB /* BallViewModel.swift */ = {isa = PBXFileReference; lastKnownFileType = sourcecode.swift; path = BallViewModel.swift; sourceTree = "<group>"; };
		B906A6A72C6B69D8006ED5AB /* ResultDetailViewModelTests.swift */ = {isa = PBXFileReference; lastKnownFileType = sourcecode.swift; path = ResultDetailViewModelTests.swift; sourceTree = "<group>"; };
		B906A6A92C6B6A08006ED5AB /* Draw+Extensions.swift */ = {isa = PBXFileReference; lastKnownFileType = sourcecode.swift; path = "Draw+Extensions.swift"; sourceTree = "<group>"; };
		B906A6AB2C6B6D71006ED5AB /* DrawExtensionsTests.swift */ = {isa = PBXFileReference; lastKnownFileType = sourcecode.swift; path = DrawExtensionsTests.swift; sourceTree = "<group>"; };
		B906A6AD2C6B8687006ED5AB /* MainView.swift */ = {isa = PBXFileReference; lastKnownFileType = sourcecode.swift; path = MainView.swift; sourceTree = "<group>"; };
		B906A6B32C6B8718006ED5AB /* MyTicketsView.swift */ = {isa = PBXFileReference; lastKnownFileType = sourcecode.swift; path = MyTicketsView.swift; sourceTree = "<group>"; };
		B906A6B62C6B872A006ED5AB /* MyTicketsViewModel.swift */ = {isa = PBXFileReference; lastKnownFileType = sourcecode.swift; path = MyTicketsViewModel.swift; sourceTree = "<group>"; };
		B906A6BB2C6B8A17006ED5AB /* Tickets.swift */ = {isa = PBXFileReference; lastKnownFileType = sourcecode.swift; path = Tickets.swift; sourceTree = "<group>"; };
		B906A6BD2C6B8A6A006ED5AB /* Ticket.swift */ = {isa = PBXFileReference; lastKnownFileType = sourcecode.swift; path = Ticket.swift; sourceTree = "<group>"; };
		B906A6BF2C6B8AAF006ED5AB /* MyTicketsApiServiceUseCase.swift */ = {isa = PBXFileReference; lastKnownFileType = sourcecode.swift; path = MyTicketsApiServiceUseCase.swift; sourceTree = "<group>"; };
		B90E288A2C6CB20F008E2053 /* Localizable.xcstrings */ = {isa = PBXFileReference; lastKnownFileType = text.json.xcstrings; path = Localizable.xcstrings; sourceTree = "<group>"; };
		B90E288C2C6CD397008E2053 /* BallState.swift */ = {isa = PBXFileReference; lastKnownFileType = sourcecode.swift; path = BallState.swift; sourceTree = "<group>"; };
		B90E288E2C6CD7EF008E2053 /* Date+Extensions.swift */ = {isa = PBXFileReference; lastKnownFileType = sourcecode.swift; path = "Date+Extensions.swift"; sourceTree = "<group>"; };
		B90E28902C6CDEA9008E2053 /* ResultsViewModelFactory.swift */ = {isa = PBXFileReference; lastKnownFileType = sourcecode.swift; path = ResultsViewModelFactory.swift; sourceTree = "<group>"; };
		B90E28922C6CDF38008E2053 /* MyTicketsViewModelFactory.swift */ = {isa = PBXFileReference; lastKnownFileType = sourcecode.swift; path = MyTicketsViewModelFactory.swift; sourceTree = "<group>"; };
		B90E28942C6CEF88008E2053 /* AnimatingBall.swift */ = {isa = PBXFileReference; lastKnownFileType = sourcecode.swift; path = AnimatingBall.swift; sourceTree = "<group>"; };
		B912B4692C6B90E900823E6E /* MainViewModel.swift */ = {isa = PBXFileReference; lastKnownFileType = sourcecode.swift; path = MainViewModel.swift; sourceTree = "<group>"; };
		B912B46B2C6BA31800823E6E /* MainViewModelTests.swift */ = {isa = PBXFileReference; lastKnownFileType = sourcecode.swift; path = MainViewModelTests.swift; sourceTree = "<group>"; };
		B912B46D2C6BA33900823E6E /* BallViewModelTests.swift */ = {isa = PBXFileReference; lastKnownFileType = sourcecode.swift; path = BallViewModelTests.swift; sourceTree = "<group>"; };
		B912B46F2C6BA35800823E6E /* MyTicketsViewModelTests.swift */ = {isa = PBXFileReference; lastKnownFileType = sourcecode.swift; path = MyTicketsViewModelTests.swift; sourceTree = "<group>"; };
		B912B4732C6BAC7600823E6E /* MyTicketsApiServiceSpy.swift */ = {isa = PBXFileReference; lastKnownFileType = sourcecode.swift; path = MyTicketsApiServiceSpy.swift; sourceTree = "<group>"; };
		B912B4752C6BB11200823E6E /* Ticket+Extensions.swift */ = {isa = PBXFileReference; lastKnownFileType = sourcecode.swift; path = "Ticket+Extensions.swift"; sourceTree = "<group>"; };
		B912B4772C6BB48300823E6E /* Matches.swift */ = {isa = PBXFileReference; lastKnownFileType = sourcecode.swift; path = Matches.swift; sourceTree = "<group>"; };
		B912B47A2C6BB4BB00823E6E /* MatchesTests.swift */ = {isa = PBXFileReference; lastKnownFileType = sourcecode.swift; path = MatchesTests.swift; sourceTree = "<group>"; };
		B912B47E2C6BB58D00823E6E /* OutcomeViewModelConvertibleExtension.swift */ = {isa = PBXFileReference; lastKnownFileType = sourcecode.swift; path = OutcomeViewModelConvertibleExtension.swift; sourceTree = "<group>"; };
		B912B4802C6BB5D800823E6E /* TicketExtensionTests.swift */ = {isa = PBXFileReference; lastKnownFileType = sourcecode.swift; path = TicketExtensionTests.swift; sourceTree = "<group>"; };
		B9CE569F2C6D4E4700AC017C /* DrawsApiService.swift */ = {isa = PBXFileReference; lastKnownFileType = sourcecode.swift; path = DrawsApiService.swift; sourceTree = "<group>"; };
		B9CE56A12C6D4FD200AC017C /* MyTicketsApiService.swift */ = {isa = PBXFileReference; lastKnownFileType = sourcecode.swift; path = MyTicketsApiService.swift; sourceTree = "<group>"; };
		B9CE56A32C6DEB6D00AC017C /* DataCacher.swift */ = {isa = PBXFileReference; lastKnownFileType = sourcecode.swift; path = DataCacher.swift; sourceTree = "<group>"; };
		B9CE56A52C6DEE0500AC017C /* Endpoint.swift */ = {isa = PBXFileReference; lastKnownFileType = sourcecode.swift; path = Endpoint.swift; sourceTree = "<group>"; };
		B9CE56A72C6DF84200AC017C /* StubMyTicketsData.json */ = {isa = PBXFileReference; lastKnownFileType = text.json; path = StubMyTicketsData.json; sourceTree = "<group>"; };
		B9CE56A92C6DF85200AC017C /* StubLottoResultsData.json */ = {isa = PBXFileReference; lastKnownFileType = text.json; path = StubLottoResultsData.json; sourceTree = "<group>"; };
		B9CE56AB2C6DF88900AC017C /* StubDataMyTicketsApiService.swift */ = {isa = PBXFileReference; lastKnownFileType = sourcecode.swift; path = StubDataMyTicketsApiService.swift; sourceTree = "<group>"; };
		B9CE56AF2C6DF96700AC017C /* StubDrawsApiService.swift */ = {isa = PBXFileReference; lastKnownFileType = sourcecode.swift; path = StubDrawsApiService.swift; sourceTree = "<group>"; };
		B9CE56B12C6DFAF500AC017C /* MyTicketsApiServiceTests.swift */ = {isa = PBXFileReference; lastKnownFileType = sourcecode.swift; path = MyTicketsApiServiceTests.swift; sourceTree = "<group>"; };
		B9CE56B52C6E0A6100AC017C /* DataCacherTests.swift */ = {isa = PBXFileReference; lastKnownFileType = sourcecode.swift; path = DataCacherTests.swift; sourceTree = "<group>"; };
		B9CE56B72C6E0CEB00AC017C /* DrawsApiServiceTests.swift */ = {isa = PBXFileReference; lastKnownFileType = sourcecode.swift; path = DrawsApiServiceTests.swift; sourceTree = "<group>"; };
		B9FE573D2C6A4D0100F61A78 /* MkodoTechTest.app */ = {isa = PBXFileReference; explicitFileType = wrapper.application; includeInIndex = 0; path = MkodoTechTest.app; sourceTree = BUILT_PRODUCTS_DIR; };
		B9FE57402C6A4D0100F61A78 /* MkodoTechTestApp.swift */ = {isa = PBXFileReference; lastKnownFileType = sourcecode.swift; path = MkodoTechTestApp.swift; sourceTree = "<group>"; };
		B9FE57422C6A4D0100F61A78 /* AllResultsView.swift */ = {isa = PBXFileReference; lastKnownFileType = sourcecode.swift; path = AllResultsView.swift; sourceTree = "<group>"; };
		B9FE57442C6A4D0500F61A78 /* Assets.xcassets */ = {isa = PBXFileReference; lastKnownFileType = folder.assetcatalog; path = Assets.xcassets; sourceTree = "<group>"; };
		B9FE57472C6A4D0500F61A78 /* Preview Assets.xcassets */ = {isa = PBXFileReference; lastKnownFileType = folder.assetcatalog; path = "Preview Assets.xcassets"; sourceTree = "<group>"; };
		B9FE574D2C6A4D0500F61A78 /* MkodoTechTestTests.xctest */ = {isa = PBXFileReference; explicitFileType = wrapper.cfbundle; includeInIndex = 0; path = MkodoTechTestTests.xctest; sourceTree = BUILT_PRODUCTS_DIR; };
		B9FE57512C6A4D0500F61A78 /* AllResultsViewModelTests.swift */ = {isa = PBXFileReference; lastKnownFileType = sourcecode.swift; path = AllResultsViewModelTests.swift; sourceTree = "<group>"; };
		B9FE576A2C6A4E3200F61A78 /* AllResultsViewModel.swift */ = {isa = PBXFileReference; lastKnownFileType = sourcecode.swift; path = AllResultsViewModel.swift; sourceTree = "<group>"; };
		B9FE576D2C6A4E6F00F61A78 /* Draws.swift */ = {isa = PBXFileReference; lastKnownFileType = sourcecode.swift; path = Draws.swift; sourceTree = "<group>"; };
		B9FE57702C6A51AF00F61A78 /* DrawsApiServiceUseCase.swift */ = {isa = PBXFileReference; lastKnownFileType = sourcecode.swift; path = DrawsApiServiceUseCase.swift; sourceTree = "<group>"; };
		B9FE57762C6A576600F61A78 /* ApiServiceError.swift */ = {isa = PBXFileReference; lastKnownFileType = sourcecode.swift; path = ApiServiceError.swift; sourceTree = "<group>"; };
		B9FE577A2C6A58E600F61A78 /* ResultView.swift */ = {isa = PBXFileReference; lastKnownFileType = sourcecode.swift; path = ResultView.swift; sourceTree = "<group>"; };
		B9FE577C2C6A595000F61A78 /* ResultViewModel.swift */ = {isa = PBXFileReference; lastKnownFileType = sourcecode.swift; path = ResultViewModel.swift; sourceTree = "<group>"; };
		B9FE577F2C6A5C2100F61A78 /* DateViewModifier.swift */ = {isa = PBXFileReference; lastKnownFileType = sourcecode.swift; path = DateViewModifier.swift; sourceTree = "<group>"; };
/* End PBXFileReference section */

/* Begin PBXFrameworksBuildPhase section */
		B9FE573A2C6A4D0100F61A78 /* Frameworks */ = {
			isa = PBXFrameworksBuildPhase;
			buildActionMask = 2147483647;
			files = (
			);
			runOnlyForDeploymentPostprocessing = 0;
		};
		B9FE574A2C6A4D0500F61A78 /* Frameworks */ = {
			isa = PBXFrameworksBuildPhase;
			buildActionMask = 2147483647;
			files = (
			);
			runOnlyForDeploymentPostprocessing = 0;
		};
/* End PBXFrameworksBuildPhase section */

/* Begin PBXGroup section */
		B906A6892C6A9FD6006ED5AB /* ViewModels */ = {
			isa = PBXGroup;
			children = (
				B9FE57512C6A4D0500F61A78 /* AllResultsViewModelTests.swift */,
				B906A68A2C6A9FF0006ED5AB /* ResultViewModelTests.swift */,
				B906A6A72C6B69D8006ED5AB /* ResultDetailViewModelTests.swift */,
				B912B46B2C6BA31800823E6E /* MainViewModelTests.swift */,
				B912B46D2C6BA33900823E6E /* BallViewModelTests.swift */,
				B912B46F2C6BA35800823E6E /* MyTicketsViewModelTests.swift */,
			);
			path = ViewModels;
			sourceTree = "<group>";
		};
		B906A68C2C6AA006006ED5AB /* Extensions */ = {
			isa = PBXGroup;
			children = (
				B906A6A92C6B6A08006ED5AB /* Draw+Extensions.swift */,
				B906A6AB2C6B6D71006ED5AB /* DrawExtensionsTests.swift */,
				B912B4752C6BB11200823E6E /* Ticket+Extensions.swift */,
				B912B4802C6BB5D800823E6E /* TicketExtensionTests.swift */,
				B90E288E2C6CD7EF008E2053 /* Date+Extensions.swift */,
			);
			path = Extensions;
			sourceTree = "<group>";
		};
		B906A68F2C6AA076006ED5AB /* Networking */ = {
			isa = PBXGroup;
			children = (
				B9CE56B12C6DFAF500AC017C /* MyTicketsApiServiceTests.swift */,
				B9CE56B72C6E0CEB00AC017C /* DrawsApiServiceTests.swift */,
				B906A6922C6AA0B3006ED5AB /* DrawsApiServiceSpy.swift */,
				B912B4732C6BAC7600823E6E /* MyTicketsApiServiceSpy.swift */,
				B9CE56AB2C6DF88900AC017C /* StubDataMyTicketsApiService.swift */,
				B9CE56AF2C6DF96700AC017C /* StubDrawsApiService.swift */,
				B9CE56B52C6E0A6100AC017C /* DataCacherTests.swift */,
			);
			path = Networking;
			sourceTree = "<group>";
		};
		B906A6962C6AA8BC006ED5AB /* JSONFiles */ = {
			isa = PBXGroup;
			children = (
				B906A6942C6AA66F006ED5AB /* FaultyJSON.json */,
				B906A6972C6B4ADC006ED5AB /* InvalidDates.json */,
				B9CE56A72C6DF84200AC017C /* StubMyTicketsData.json */,
				B9CE56A92C6DF85200AC017C /* StubLottoResultsData.json */,
			);
			path = JSONFiles;
			sourceTree = "<group>";
		};
		B906A6AF2C6B86BE006ED5AB /* Results */ = {
			isa = PBXGroup;
			children = (
				B9FE57852C6A9BFA00F61A78 /* ViewModels */,
				B9FE57422C6A4D0100F61A78 /* AllResultsView.swift */,
				B9FE577A2C6A58E600F61A78 /* ResultView.swift */,
				B906A6992C6B4FE3006ED5AB /* ResultDetailView.swift */,
			);
			path = Results;
			sourceTree = "<group>";
		};
		B906A6B02C6B86D4006ED5AB /* CommonComponents */ = {
			isa = PBXGroup;
			children = (
				B906A6B12C6B86E7006ED5AB /* ViewModels */,
				B906A69D2C6B513D006ED5AB /* OutcomeView.swift */,
				B906A6A32C6B5D4B006ED5AB /* BallView.swift */,
			);
			path = CommonComponents;
			sourceTree = "<group>";
		};
		B906A6B12C6B86E7006ED5AB /* ViewModels */ = {
			isa = PBXGroup;
			children = (
				B906A69F2C6B518C006ED5AB /* OutcomeViewModel.swift */,
				B906A6A52C6B5E53006ED5AB /* BallViewModel.swift */,
			);
			path = ViewModels;
			sourceTree = "<group>";
		};
		B906A6B22C6B86FC006ED5AB /* MyTickets */ = {
			isa = PBXGroup;
			children = (
				B906A6B52C6B871C006ED5AB /* ViewModels */,
				B906A6B32C6B8718006ED5AB /* MyTicketsView.swift */,
			);
			path = MyTickets;
			sourceTree = "<group>";
		};
		B906A6B52C6B871C006ED5AB /* ViewModels */ = {
			isa = PBXGroup;
			children = (
				B906A6B62C6B872A006ED5AB /* MyTicketsViewModel.swift */,
				B90E28922C6CDF38008E2053 /* MyTicketsViewModelFactory.swift */,
			);
			path = ViewModels;
			sourceTree = "<group>";
		};
		B912B4792C6BB4AD00823E6E /* Models */ = {
			isa = PBXGroup;
			children = (
				B912B47A2C6BB4BB00823E6E /* MatchesTests.swift */,
			);
			path = Models;
			sourceTree = "<group>";
		};
		B9CE568D2C6D0AFB00AC017C /* Caching */ = {
			isa = PBXGroup;
			children = (
				B9CE56A32C6DEB6D00AC017C /* DataCacher.swift */,
			);
			path = Caching;
			sourceTree = "<group>";
		};
		B9FE57342C6A4D0100F61A78 = {
			isa = PBXGroup;
			children = (
				B9FE573F2C6A4D0100F61A78 /* MkodoTechTest */,
				B9FE57502C6A4D0500F61A78 /* MkodoTechTestTests */,
				B9FE573E2C6A4D0100F61A78 /* Products */,
			);
			sourceTree = "<group>";
		};
		B9FE573E2C6A4D0100F61A78 /* Products */ = {
			isa = PBXGroup;
			children = (
				B9FE573D2C6A4D0100F61A78 /* MkodoTechTest.app */,
				B9FE574D2C6A4D0500F61A78 /* MkodoTechTestTests.xctest */,
			);
			name = Products;
			sourceTree = "<group>";
		};
		B9FE573F2C6A4D0100F61A78 /* MkodoTechTest */ = {
			isa = PBXGroup;
			children = (
				B9FE57402C6A4D0100F61A78 /* MkodoTechTestApp.swift */,
				B9FE57842C6A9BEF00F61A78 /* Views */,
				B9FE57812C6A9A2D00F61A78 /* Extensions */,
				B9FE577E2C6A5BFF00F61A78 /* ViewModifiers */,
				B9FE576C2C6A4E5C00F61A78 /* Models */,
				B9FE576F2C6A519800F61A78 /* Networking */,
				B9FE57442C6A4D0500F61A78 /* Assets.xcassets */,
				B9FE57462C6A4D0500F61A78 /* Preview Content */,
				B90E288A2C6CB20F008E2053 /* Localizable.xcstrings */,
			);
			path = MkodoTechTest;
			sourceTree = "<group>";
		};
		B9FE57462C6A4D0500F61A78 /* Preview Content */ = {
			isa = PBXGroup;
			children = (
				B9FE57472C6A4D0500F61A78 /* Preview Assets.xcassets */,
			);
			path = "Preview Content";
			sourceTree = "<group>";
		};
		B9FE57502C6A4D0500F61A78 /* MkodoTechTestTests */ = {
			isa = PBXGroup;
			children = (
				B912B4792C6BB4AD00823E6E /* Models */,
				B906A6962C6AA8BC006ED5AB /* JSONFiles */,
				B906A68F2C6AA076006ED5AB /* Networking */,
				B906A68C2C6AA006006ED5AB /* Extensions */,
				B906A6892C6A9FD6006ED5AB /* ViewModels */,
			);
			path = MkodoTechTestTests;
			sourceTree = "<group>";
		};
		B9FE576C2C6A4E5C00F61A78 /* Models */ = {
			isa = PBXGroup;
			children = (
				B9FE576D2C6A4E6F00F61A78 /* Draws.swift */,
				B906A6872C6A9F94006ED5AB /* Draw.swift */,
				B906A6BB2C6B8A17006ED5AB /* Tickets.swift */,
				B906A6BD2C6B8A6A006ED5AB /* Ticket.swift */,
				B912B4772C6BB48300823E6E /* Matches.swift */,
				B90E288C2C6CD397008E2053 /* BallState.swift */,
				B90E28942C6CEF88008E2053 /* AnimatingBall.swift */,
			);
			path = Models;
			sourceTree = "<group>";
		};
		B9FE576F2C6A519800F61A78 /* Networking */ = {
			isa = PBXGroup;
			children = (
				B9CE56A52C6DEE0500AC017C /* Endpoint.swift */,
				B9CE568D2C6D0AFB00AC017C /* Caching */,
				B9FE57702C6A51AF00F61A78 /* DrawsApiServiceUseCase.swift */,
				B906A6BF2C6B8AAF006ED5AB /* MyTicketsApiServiceUseCase.swift */,
				B9CE569F2C6D4E4700AC017C /* DrawsApiService.swift */,
				B9CE56A12C6D4FD200AC017C /* MyTicketsApiService.swift */,
				B9FE57762C6A576600F61A78 /* ApiServiceError.swift */,
			);
			path = Networking;
			sourceTree = "<group>";
		};
		B9FE577E2C6A5BFF00F61A78 /* ViewModifiers */ = {
			isa = PBXGroup;
			children = (
				B9FE577F2C6A5C2100F61A78 /* DateViewModifier.swift */,
				B906A6A12C6B555B006ED5AB /* PrizeTitleViewModifier.swift */,
			);
			path = ViewModifiers;
			sourceTree = "<group>";
		};
		B9FE57812C6A9A2D00F61A78 /* Extensions */ = {
			isa = PBXGroup;
			children = (
				B912B47E2C6BB58D00823E6E /* OutcomeViewModelConvertibleExtension.swift */,
			);
			path = Extensions;
			sourceTree = "<group>";
		};
		B9FE57842C6A9BEF00F61A78 /* Views */ = {
			isa = PBXGroup;
			children = (
				B906A6AD2C6B8687006ED5AB /* MainView.swift */,
				B912B4692C6B90E900823E6E /* MainViewModel.swift */,
				B906A6AF2C6B86BE006ED5AB /* Results */,
				B906A6B22C6B86FC006ED5AB /* MyTickets */,
				B906A6B02C6B86D4006ED5AB /* CommonComponents */,
			);
			path = Views;
			sourceTree = "<group>";
		};
		B9FE57852C6A9BFA00F61A78 /* ViewModels */ = {
			isa = PBXGroup;
			children = (
				B9FE576A2C6A4E3200F61A78 /* AllResultsViewModel.swift */,
				B9FE577C2C6A595000F61A78 /* ResultViewModel.swift */,
				B906A69B2C6B4FF1006ED5AB /* ResultDetailViewModel.swift */,
				B90E28902C6CDEA9008E2053 /* ResultsViewModelFactory.swift */,
			);
			path = ViewModels;
			sourceTree = "<group>";
		};
/* End PBXGroup section */

/* Begin PBXNativeTarget section */
		B9FE573C2C6A4D0100F61A78 /* MkodoTechTest */ = {
			isa = PBXNativeTarget;
			buildConfigurationList = B9FE57612C6A4D0500F61A78 /* Build configuration list for PBXNativeTarget "MkodoTechTest" */;
			buildPhases = (
				B9FE57392C6A4D0100F61A78 /* Sources */,
				B9FE573A2C6A4D0100F61A78 /* Frameworks */,
				B9FE573B2C6A4D0100F61A78 /* Resources */,
			);
			buildRules = (
			);
			dependencies = (
			);
			name = MkodoTechTest;
			productName = MkodoTechTest;
			productReference = B9FE573D2C6A4D0100F61A78 /* MkodoTechTest.app */;
			productType = "com.apple.product-type.application";
		};
		B9FE574C2C6A4D0500F61A78 /* MkodoTechTestTests */ = {
			isa = PBXNativeTarget;
			buildConfigurationList = B9FE57642C6A4D0500F61A78 /* Build configuration list for PBXNativeTarget "MkodoTechTestTests" */;
			buildPhases = (
				B9FE57492C6A4D0500F61A78 /* Sources */,
				B9FE574A2C6A4D0500F61A78 /* Frameworks */,
				B9FE574B2C6A4D0500F61A78 /* Resources */,
			);
			buildRules = (
			);
			dependencies = (
				B9FE574F2C6A4D0500F61A78 /* PBXTargetDependency */,
			);
			name = MkodoTechTestTests;
			productName = MkodoTechTestTests;
			productReference = B9FE574D2C6A4D0500F61A78 /* MkodoTechTestTests.xctest */;
			productType = "com.apple.product-type.bundle.unit-test";
		};
/* End PBXNativeTarget section */

/* Begin PBXProject section */
		B9FE57352C6A4D0100F61A78 /* Project object */ = {
			isa = PBXProject;
			attributes = {
				BuildIndependentTargetsInParallel = 1;
				LastSwiftUpdateCheck = 1540;
				LastUpgradeCheck = 1540;
				TargetAttributes = {
					B9FE573C2C6A4D0100F61A78 = {
						CreatedOnToolsVersion = 15.4;
					};
					B9FE574C2C6A4D0500F61A78 = {
						CreatedOnToolsVersion = 15.4;
						TestTargetID = B9FE573C2C6A4D0100F61A78;
					};
				};
			};
			buildConfigurationList = B9FE57382C6A4D0100F61A78 /* Build configuration list for PBXProject "MkodoTechTest" */;
			compatibilityVersion = "Xcode 14.0";
			developmentRegion = en;
			hasScannedForEncodings = 0;
			knownRegions = (
				en,
				Base,
			);
			mainGroup = B9FE57342C6A4D0100F61A78;
			productRefGroup = B9FE573E2C6A4D0100F61A78 /* Products */;
			projectDirPath = "";
			projectRoot = "";
			targets = (
				B9FE573C2C6A4D0100F61A78 /* MkodoTechTest */,
				B9FE574C2C6A4D0500F61A78 /* MkodoTechTestTests */,
			);
		};
/* End PBXProject section */

/* Begin PBXResourcesBuildPhase section */
		B9FE573B2C6A4D0100F61A78 /* Resources */ = {
			isa = PBXResourcesBuildPhase;
			buildActionMask = 2147483647;
			files = (
				B9FE57482C6A4D0500F61A78 /* Preview Assets.xcassets in Resources */,
				B90E288B2C6CB20F008E2053 /* Localizable.xcstrings in Resources */,
				B9FE57452C6A4D0500F61A78 /* Assets.xcassets in Resources */,
			);
			runOnlyForDeploymentPostprocessing = 0;
		};
		B9FE574B2C6A4D0500F61A78 /* Resources */ = {
			isa = PBXResourcesBuildPhase;
			buildActionMask = 2147483647;
			files = (
				B906A6952C6AA66F006ED5AB /* FaultyJSON.json in Resources */,
				B9CE56AA2C6DF85200AC017C /* StubLottoResultsData.json in Resources */,
				B9CE56A82C6DF84200AC017C /* StubMyTicketsData.json in Resources */,
				B906A6982C6B4ADC006ED5AB /* InvalidDates.json in Resources */,
			);
			runOnlyForDeploymentPostprocessing = 0;
		};
/* End PBXResourcesBuildPhase section */

/* Begin PBXSourcesBuildPhase section */
		B9FE57392C6A4D0100F61A78 /* Sources */ = {
			isa = PBXSourcesBuildPhase;
			buildActionMask = 2147483647;
			files = (
				B906A6BC2C6B8A17006ED5AB /* Tickets.swift in Sources */,
				B90E28952C6CEF88008E2053 /* AnimatingBall.swift in Sources */,
				B912B4782C6BB48300823E6E /* Matches.swift in Sources */,
				B90E28932C6CDF38008E2053 /* MyTicketsViewModelFactory.swift in Sources */,
				B90E288D2C6CD397008E2053 /* BallState.swift in Sources */,
				B906A69E2C6B513D006ED5AB /* OutcomeView.swift in Sources */,
				B9CE56A42C6DEB6D00AC017C /* DataCacher.swift in Sources */,
				B906A6B42C6B8718006ED5AB /* MyTicketsView.swift in Sources */,
				B9FE576B2C6A4E3200F61A78 /* AllResultsViewModel.swift in Sources */,
				B9FE577D2C6A595000F61A78 /* ResultViewModel.swift in Sources */,
				B9FE57432C6A4D0100F61A78 /* AllResultsView.swift in Sources */,
				B9CE56A62C6DEE0500AC017C /* Endpoint.swift in Sources */,
				B906A6882C6A9F94006ED5AB /* Draw.swift in Sources */,
				B9FE57802C6A5C2100F61A78 /* DateViewModifier.swift in Sources */,
				B9FE57712C6A51AF00F61A78 /* DrawsApiServiceUseCase.swift in Sources */,
				B9FE57412C6A4D0100F61A78 /* MkodoTechTestApp.swift in Sources */,
				B906A6A42C6B5D4B006ED5AB /* BallView.swift in Sources */,
				B906A6A02C6B518C006ED5AB /* OutcomeViewModel.swift in Sources */,
				B9FE577B2C6A58E600F61A78 /* ResultView.swift in Sources */,
				B906A69A2C6B4FE3006ED5AB /* ResultDetailView.swift in Sources */,
				B906A6B72C6B872A006ED5AB /* MyTicketsViewModel.swift in Sources */,
				B912B46A2C6B90E900823E6E /* MainViewModel.swift in Sources */,
				B906A6AE2C6B8687006ED5AB /* MainView.swift in Sources */,
				B906A69C2C6B4FF1006ED5AB /* ResultDetailViewModel.swift in Sources */,
				B9FE57772C6A576600F61A78 /* ApiServiceError.swift in Sources */,
				B906A6BE2C6B8A6A006ED5AB /* Ticket.swift in Sources */,
				B906A6A22C6B555B006ED5AB /* PrizeTitleViewModifier.swift in Sources */,
				B9CE56A02C6D4E4700AC017C /* DrawsApiService.swift in Sources */,
				B9FE576E2C6A4E6F00F61A78 /* Draws.swift in Sources */,
				B912B47F2C6BB58D00823E6E /* OutcomeViewModelConvertibleExtension.swift in Sources */,
				B906A6A62C6B5E53006ED5AB /* BallViewModel.swift in Sources */,
				B90E28912C6CDEA9008E2053 /* ResultsViewModelFactory.swift in Sources */,
				B906A6C02C6B8AAF006ED5AB /* MyTicketsApiServiceUseCase.swift in Sources */,
				B9CE56A22C6D4FD200AC017C /* MyTicketsApiService.swift in Sources */,
			);
			runOnlyForDeploymentPostprocessing = 0;
		};
		B9FE57492C6A4D0500F61A78 /* Sources */ = {
			isa = PBXSourcesBuildPhase;
			buildActionMask = 2147483647;
			files = (
				B912B47B2C6BB4BB00823E6E /* MatchesTests.swift in Sources */,
				B9CE56AC2C6DF88900AC017C /* StubDataMyTicketsApiService.swift in Sources */,
				B9FE57522C6A4D0500F61A78 /* AllResultsViewModelTests.swift in Sources */,
				B906A6A82C6B69D8006ED5AB /* ResultDetailViewModelTests.swift in Sources */,
				B906A6AA2C6B6A08006ED5AB /* Draw+Extensions.swift in Sources */,
				B906A6932C6AA0B3006ED5AB /* DrawsApiServiceSpy.swift in Sources */,
				B906A6AC2C6B6D71006ED5AB /* DrawExtensionsTests.swift in Sources */,
				B9CE56B02C6DF96700AC017C /* StubDrawsApiService.swift in Sources */,
				B912B4702C6BA35800823E6E /* MyTicketsViewModelTests.swift in Sources */,
				B9CE56B82C6E0CEB00AC017C /* DrawsApiServiceTests.swift in Sources */,
				B912B4812C6BB5D800823E6E /* TicketExtensionTests.swift in Sources */,
				B9CE56B62C6E0A6100AC017C /* DataCacherTests.swift in Sources */,
				B90E288F2C6CD7EF008E2053 /* Date+Extensions.swift in Sources */,
				B912B46C2C6BA31800823E6E /* MainViewModelTests.swift in Sources */,
				B912B4762C6BB11200823E6E /* Ticket+Extensions.swift in Sources */,
				B906A68B2C6A9FF0006ED5AB /* ResultViewModelTests.swift in Sources */,
				B912B4742C6BAC7600823E6E /* MyTicketsApiServiceSpy.swift in Sources */,
				B9CE56B22C6DFAF500AC017C /* MyTicketsApiServiceTests.swift in Sources */,
				B912B46E2C6BA33900823E6E /* BallViewModelTests.swift in Sources */,
			);
			runOnlyForDeploymentPostprocessing = 0;
		};
/* End PBXSourcesBuildPhase section */

/* Begin PBXTargetDependency section */
		B9FE574F2C6A4D0500F61A78 /* PBXTargetDependency */ = {
			isa = PBXTargetDependency;
			target = B9FE573C2C6A4D0100F61A78 /* MkodoTechTest */;
			targetProxy = B9FE574E2C6A4D0500F61A78 /* PBXContainerItemProxy */;
		};
/* End PBXTargetDependency section */

/* Begin XCBuildConfiguration section */
		B9FE575F2C6A4D0500F61A78 /* Debug */ = {
			isa = XCBuildConfiguration;
			buildSettings = {
				ALWAYS_SEARCH_USER_PATHS = NO;
				ASSETCATALOG_COMPILER_GENERATE_SWIFT_ASSET_SYMBOL_EXTENSIONS = YES;
				CLANG_ANALYZER_NONNULL = YES;
				CLANG_ANALYZER_NUMBER_OBJECT_CONVERSION = YES_AGGRESSIVE;
				CLANG_CXX_LANGUAGE_STANDARD = "gnu++20";
				CLANG_ENABLE_MODULES = YES;
				CLANG_ENABLE_OBJC_ARC = YES;
				CLANG_ENABLE_OBJC_WEAK = YES;
				CLANG_WARN_BLOCK_CAPTURE_AUTORELEASING = YES;
				CLANG_WARN_BOOL_CONVERSION = YES;
				CLANG_WARN_COMMA = YES;
				CLANG_WARN_CONSTANT_CONVERSION = YES;
				CLANG_WARN_DEPRECATED_OBJC_IMPLEMENTATIONS = YES;
				CLANG_WARN_DIRECT_OBJC_ISA_USAGE = YES_ERROR;
				CLANG_WARN_DOCUMENTATION_COMMENTS = YES;
				CLANG_WARN_EMPTY_BODY = YES;
				CLANG_WARN_ENUM_CONVERSION = YES;
				CLANG_WARN_INFINITE_RECURSION = YES;
				CLANG_WARN_INT_CONVERSION = YES;
				CLANG_WARN_NON_LITERAL_NULL_CONVERSION = YES;
				CLANG_WARN_OBJC_IMPLICIT_RETAIN_SELF = YES;
				CLANG_WARN_OBJC_LITERAL_CONVERSION = YES;
				CLANG_WARN_OBJC_ROOT_CLASS = YES_ERROR;
				CLANG_WARN_QUOTED_INCLUDE_IN_FRAMEWORK_HEADER = YES;
				CLANG_WARN_RANGE_LOOP_ANALYSIS = YES;
				CLANG_WARN_STRICT_PROTOTYPES = YES;
				CLANG_WARN_SUSPICIOUS_MOVE = YES;
				CLANG_WARN_UNGUARDED_AVAILABILITY = YES_AGGRESSIVE;
				CLANG_WARN_UNREACHABLE_CODE = YES;
				CLANG_WARN__DUPLICATE_METHOD_MATCH = YES;
				COPY_PHASE_STRIP = NO;
				DEBUG_INFORMATION_FORMAT = dwarf;
				ENABLE_STRICT_OBJC_MSGSEND = YES;
				ENABLE_TESTABILITY = YES;
				ENABLE_USER_SCRIPT_SANDBOXING = YES;
				GCC_C_LANGUAGE_STANDARD = gnu17;
				GCC_DYNAMIC_NO_PIC = NO;
				GCC_NO_COMMON_BLOCKS = YES;
				GCC_OPTIMIZATION_LEVEL = 0;
				GCC_PREPROCESSOR_DEFINITIONS = (
					"DEBUG=1",
					"$(inherited)",
				);
				GCC_WARN_64_TO_32_BIT_CONVERSION = YES;
				GCC_WARN_ABOUT_RETURN_TYPE = YES_ERROR;
				GCC_WARN_UNDECLARED_SELECTOR = YES;
				GCC_WARN_UNINITIALIZED_AUTOS = YES_AGGRESSIVE;
				GCC_WARN_UNUSED_FUNCTION = YES;
				GCC_WARN_UNUSED_VARIABLE = YES;
				IPHONEOS_DEPLOYMENT_TARGET = 17.5;
				LOCALIZATION_PREFERS_STRING_CATALOGS = YES;
				MTL_ENABLE_DEBUG_INFO = INCLUDE_SOURCE;
				MTL_FAST_MATH = YES;
				ONLY_ACTIVE_ARCH = YES;
				SDKROOT = iphoneos;
				SWIFT_ACTIVE_COMPILATION_CONDITIONS = "DEBUG $(inherited)";
				SWIFT_OPTIMIZATION_LEVEL = "-Onone";
			};
			name = Debug;
		};
		B9FE57602C6A4D0500F61A78 /* Release */ = {
			isa = XCBuildConfiguration;
			buildSettings = {
				ALWAYS_SEARCH_USER_PATHS = NO;
				ASSETCATALOG_COMPILER_GENERATE_SWIFT_ASSET_SYMBOL_EXTENSIONS = YES;
				CLANG_ANALYZER_NONNULL = YES;
				CLANG_ANALYZER_NUMBER_OBJECT_CONVERSION = YES_AGGRESSIVE;
				CLANG_CXX_LANGUAGE_STANDARD = "gnu++20";
				CLANG_ENABLE_MODULES = YES;
				CLANG_ENABLE_OBJC_ARC = YES;
				CLANG_ENABLE_OBJC_WEAK = YES;
				CLANG_WARN_BLOCK_CAPTURE_AUTORELEASING = YES;
				CLANG_WARN_BOOL_CONVERSION = YES;
				CLANG_WARN_COMMA = YES;
				CLANG_WARN_CONSTANT_CONVERSION = YES;
				CLANG_WARN_DEPRECATED_OBJC_IMPLEMENTATIONS = YES;
				CLANG_WARN_DIRECT_OBJC_ISA_USAGE = YES_ERROR;
				CLANG_WARN_DOCUMENTATION_COMMENTS = YES;
				CLANG_WARN_EMPTY_BODY = YES;
				CLANG_WARN_ENUM_CONVERSION = YES;
				CLANG_WARN_INFINITE_RECURSION = YES;
				CLANG_WARN_INT_CONVERSION = YES;
				CLANG_WARN_NON_LITERAL_NULL_CONVERSION = YES;
				CLANG_WARN_OBJC_IMPLICIT_RETAIN_SELF = YES;
				CLANG_WARN_OBJC_LITERAL_CONVERSION = YES;
				CLANG_WARN_OBJC_ROOT_CLASS = YES_ERROR;
				CLANG_WARN_QUOTED_INCLUDE_IN_FRAMEWORK_HEADER = YES;
				CLANG_WARN_RANGE_LOOP_ANALYSIS = YES;
				CLANG_WARN_STRICT_PROTOTYPES = YES;
				CLANG_WARN_SUSPICIOUS_MOVE = YES;
				CLANG_WARN_UNGUARDED_AVAILABILITY = YES_AGGRESSIVE;
				CLANG_WARN_UNREACHABLE_CODE = YES;
				CLANG_WARN__DUPLICATE_METHOD_MATCH = YES;
				COPY_PHASE_STRIP = NO;
				DEBUG_INFORMATION_FORMAT = "dwarf-with-dsym";
				ENABLE_NS_ASSERTIONS = NO;
				ENABLE_STRICT_OBJC_MSGSEND = YES;
				ENABLE_USER_SCRIPT_SANDBOXING = YES;
				GCC_C_LANGUAGE_STANDARD = gnu17;
				GCC_NO_COMMON_BLOCKS = YES;
				GCC_WARN_64_TO_32_BIT_CONVERSION = YES;
				GCC_WARN_ABOUT_RETURN_TYPE = YES_ERROR;
				GCC_WARN_UNDECLARED_SELECTOR = YES;
				GCC_WARN_UNINITIALIZED_AUTOS = YES_AGGRESSIVE;
				GCC_WARN_UNUSED_FUNCTION = YES;
				GCC_WARN_UNUSED_VARIABLE = YES;
				IPHONEOS_DEPLOYMENT_TARGET = 17.5;
				LOCALIZATION_PREFERS_STRING_CATALOGS = YES;
				MTL_ENABLE_DEBUG_INFO = NO;
				MTL_FAST_MATH = YES;
				SDKROOT = iphoneos;
				SWIFT_COMPILATION_MODE = wholemodule;
				VALIDATE_PRODUCT = YES;
			};
			name = Release;
		};
		B9FE57622C6A4D0500F61A78 /* Debug */ = {
			isa = XCBuildConfiguration;
			buildSettings = {
				ASSETCATALOG_COMPILER_APPICON_NAME = AppIcon;
				ASSETCATALOG_COMPILER_GLOBAL_ACCENT_COLOR_NAME = AccentColor;
				CODE_SIGN_STYLE = Automatic;
				CURRENT_PROJECT_VERSION = 1;
				DEVELOPMENT_ASSET_PATHS = "\"MkodoTechTest/Preview Content\"";
				DEVELOPMENT_TEAM = AQYT3RN82U;
				ENABLE_PREVIEWS = YES;
				GENERATE_INFOPLIST_FILE = YES;
				INFOPLIST_KEY_UIApplicationSceneManifest_Generation = YES;
				INFOPLIST_KEY_UIApplicationSupportsIndirectInputEvents = YES;
				INFOPLIST_KEY_UILaunchScreen_Generation = YES;
				INFOPLIST_KEY_UISupportedInterfaceOrientations_iPad = "UIInterfaceOrientationPortrait UIInterfaceOrientationPortraitUpsideDown UIInterfaceOrientationLandscapeLeft UIInterfaceOrientationLandscapeRight";
				INFOPLIST_KEY_UISupportedInterfaceOrientations_iPhone = "UIInterfaceOrientationPortrait UIInterfaceOrientationLandscapeLeft UIInterfaceOrientationLandscapeRight";
				LD_RUNPATH_SEARCH_PATHS = (
					"$(inherited)",
					"@executable_path/Frameworks",
				);
				MARKETING_VERSION = 1.0;
				PRODUCT_BUNDLE_IDENTIFIER = com.adrianogimenez.MkodoTechTest;
				PRODUCT_NAME = "$(TARGET_NAME)";
				SWIFT_EMIT_LOC_STRINGS = YES;
				SWIFT_VERSION = 5.0;
				TARGETED_DEVICE_FAMILY = "1,2";
			};
			name = Debug;
		};
		B9FE57632C6A4D0500F61A78 /* Release */ = {
			isa = XCBuildConfiguration;
			buildSettings = {
				ASSETCATALOG_COMPILER_APPICON_NAME = AppIcon;
				ASSETCATALOG_COMPILER_GLOBAL_ACCENT_COLOR_NAME = AccentColor;
				CODE_SIGN_STYLE = Automatic;
				CURRENT_PROJECT_VERSION = 1;
				DEVELOPMENT_ASSET_PATHS = "\"MkodoTechTest/Preview Content\"";
				DEVELOPMENT_TEAM = AQYT3RN82U;
				ENABLE_PREVIEWS = YES;
				GENERATE_INFOPLIST_FILE = YES;
				INFOPLIST_KEY_UIApplicationSceneManifest_Generation = YES;
				INFOPLIST_KEY_UIApplicationSupportsIndirectInputEvents = YES;
				INFOPLIST_KEY_UILaunchScreen_Generation = YES;
				INFOPLIST_KEY_UISupportedInterfaceOrientations_iPad = "UIInterfaceOrientationPortrait UIInterfaceOrientationPortraitUpsideDown UIInterfaceOrientationLandscapeLeft UIInterfaceOrientationLandscapeRight";
				INFOPLIST_KEY_UISupportedInterfaceOrientations_iPhone = "UIInterfaceOrientationPortrait UIInterfaceOrientationLandscapeLeft UIInterfaceOrientationLandscapeRight";
				LD_RUNPATH_SEARCH_PATHS = (
					"$(inherited)",
					"@executable_path/Frameworks",
				);
				MARKETING_VERSION = 1.0;
				PRODUCT_BUNDLE_IDENTIFIER = com.adrianogimenez.MkodoTechTest;
				PRODUCT_NAME = "$(TARGET_NAME)";
				SWIFT_EMIT_LOC_STRINGS = YES;
				SWIFT_VERSION = 5.0;
				TARGETED_DEVICE_FAMILY = "1,2";
			};
			name = Release;
		};
		B9FE57652C6A4D0500F61A78 /* Debug */ = {
			isa = XCBuildConfiguration;
			buildSettings = {
				ALWAYS_EMBED_SWIFT_STANDARD_LIBRARIES = YES;
				BUNDLE_LOADER = "$(TEST_HOST)";
				CODE_SIGN_STYLE = Automatic;
				CURRENT_PROJECT_VERSION = 1;
				DEVELOPMENT_TEAM = AQYT3RN82U;
				GENERATE_INFOPLIST_FILE = YES;
				IPHONEOS_DEPLOYMENT_TARGET = 17.5;
				MARKETING_VERSION = 1.0;
				PRODUCT_BUNDLE_IDENTIFIER = com.adrianogimenez.MkodoTechTestTests;
				PRODUCT_NAME = "$(TARGET_NAME)";
				SWIFT_EMIT_LOC_STRINGS = NO;
				SWIFT_VERSION = 5.0;
				TARGETED_DEVICE_FAMILY = "1,2";
				TEST_HOST = "$(BUILT_PRODUCTS_DIR)/MkodoTechTest.app/$(BUNDLE_EXECUTABLE_FOLDER_PATH)/MkodoTechTest";
			};
			name = Debug;
		};
		B9FE57662C6A4D0500F61A78 /* Release */ = {
			isa = XCBuildConfiguration;
			buildSettings = {
				ALWAYS_EMBED_SWIFT_STANDARD_LIBRARIES = YES;
				BUNDLE_LOADER = "$(TEST_HOST)";
				CODE_SIGN_STYLE = Automatic;
				CURRENT_PROJECT_VERSION = 1;
				DEVELOPMENT_TEAM = AQYT3RN82U;
				GENERATE_INFOPLIST_FILE = YES;
				IPHONEOS_DEPLOYMENT_TARGET = 17.5;
				MARKETING_VERSION = 1.0;
				PRODUCT_BUNDLE_IDENTIFIER = com.adrianogimenez.MkodoTechTestTests;
				PRODUCT_NAME = "$(TARGET_NAME)";
				SWIFT_EMIT_LOC_STRINGS = NO;
				SWIFT_VERSION = 5.0;
				TARGETED_DEVICE_FAMILY = "1,2";
				TEST_HOST = "$(BUILT_PRODUCTS_DIR)/MkodoTechTest.app/$(BUNDLE_EXECUTABLE_FOLDER_PATH)/MkodoTechTest";
			};
			name = Release;
		};
/* End XCBuildConfiguration section */

/* Begin XCConfigurationList section */
		B9FE57382C6A4D0100F61A78 /* Build configuration list for PBXProject "MkodoTechTest" */ = {
			isa = XCConfigurationList;
			buildConfigurations = (
				B9FE575F2C6A4D0500F61A78 /* Debug */,
				B9FE57602C6A4D0500F61A78 /* Release */,
			);
			defaultConfigurationIsVisible = 0;
			defaultConfigurationName = Release;
		};
		B9FE57612C6A4D0500F61A78 /* Build configuration list for PBXNativeTarget "MkodoTechTest" */ = {
			isa = XCConfigurationList;
			buildConfigurations = (
				B9FE57622C6A4D0500F61A78 /* Debug */,
				B9FE57632C6A4D0500F61A78 /* Release */,
			);
			defaultConfigurationIsVisible = 0;
			defaultConfigurationName = Release;
		};
		B9FE57642C6A4D0500F61A78 /* Build configuration list for PBXNativeTarget "MkodoTechTestTests" */ = {
			isa = XCConfigurationList;
			buildConfigurations = (
				B9FE57652C6A4D0500F61A78 /* Debug */,
				B9FE57662C6A4D0500F61A78 /* Release */,
			);
			defaultConfigurationIsVisible = 0;
			defaultConfigurationName = Release;
		};
/* End XCConfigurationList section */
	};
	rootObject = B9FE57352C6A4D0100F61A78 /* Project object */;
}
