// !$*UTF8*$!
{
	archiveVersion = 1;
	classes = {
	};
	objectVersion = 56;
	objects = {

/* Begin PBXBuildFile section */
		B9FE57412C6A4D0100F61A78 /* MkodoTechTestApp.swift in Sources */ = {isa = PBXBuildFile; fileRef = B9FE57402C6A4D0100F61A78 /* MkodoTechTestApp.swift */; };
		B9FE57432C6A4D0100F61A78 /* ContentView.swift in Sources */ = {isa = PBXBuildFile; fileRef = B9FE57422C6A4D0100F61A78 /* ContentView.swift */; };
		B9FE57452C6A4D0500F61A78 /* Assets.xcassets in Resources */ = {isa = PBXBuildFile; fileRef = B9FE57442C6A4D0500F61A78 /* Assets.xcassets */; };
		B9FE57482C6A4D0500F61A78 /* Preview Assets.xcassets in Resources */ = {isa = PBXBuildFile; fileRef = B9FE57472C6A4D0500F61A78 /* Preview Assets.xcassets */; };
		B9FE57522C6A4D0500F61A78 /* MkodoTechTestTests.swift in Sources */ = {isa = PBXBuildFile; fileRef = B9FE57512C6A4D0500F61A78 /* MkodoTechTestTests.swift */; };
		B9FE575C2C6A4D0500F61A78 /* MkodoTechTestUITests.swift in Sources */ = {isa = PBXBuildFile; fileRef = B9FE575B2C6A4D0500F61A78 /* MkodoTechTestUITests.swift */; };
		B9FE575E2C6A4D0500F61A78 /* MkodoTechTestUITestsLaunchTests.swift in Sources */ = {isa = PBXBuildFile; fileRef = B9FE575D2C6A4D0500F61A78 /* MkodoTechTestUITestsLaunchTests.swift */; };
/* End PBXBuildFile section */

/* Begin PBXContainerItemProxy section */
		B9FE574E2C6A4D0500F61A78 /* PBXContainerItemProxy */ = {
			isa = PBXContainerItemProxy;
			containerPortal = B9FE57352C6A4D0100F61A78 /* Project object */;
			proxyType = 1;
			remoteGlobalIDString = B9FE573C2C6A4D0100F61A78;
			remoteInfo = MkodoTechTest;
		};
		B9FE57582C6A4D0500F61A78 /* PBXContainerItemProxy */ = {
			isa = PBXContainerItemProxy;
			containerPortal = B9FE57352C6A4D0100F61A78 /* Project object */;
			proxyType = 1;
			remoteGlobalIDString = B9FE573C2C6A4D0100F61A78;
			remoteInfo = MkodoTechTest;
		};
/* End PBXContainerItemProxy section */

/* Begin PBXFileReference section */
		B9FE573D2C6A4D0100F61A78 /* MkodoTechTest.app */ = {isa = PBXFileReference; explicitFileType = wrapper.application; includeInIndex = 0; path = MkodoTechTest.app; sourceTree = BUILT_PRODUCTS_DIR; };
		B9FE57402C6A4D0100F61A78 /* MkodoTechTestApp.swift */ = {isa = PBXFileReference; lastKnownFileType = sourcecode.swift; path = MkodoTechTestApp.swift; sourceTree = "<group>"; };
		B9FE57422C6A4D0100F61A78 /* ContentView.swift */ = {isa = PBXFileReference; lastKnownFileType = sourcecode.swift; path = ContentView.swift; sourceTree = "<group>"; };
		B9FE57442C6A4D0500F61A78 /* Assets.xcassets */ = {isa = PBXFileReference; lastKnownFileType = folder.assetcatalog; path = Assets.xcassets; sourceTree = "<group>"; };
		B9FE57472C6A4D0500F61A78 /* Preview Assets.xcassets */ = {isa = PBXFileReference; lastKnownFileType = folder.assetcatalog; path = "Preview Assets.xcassets"; sourceTree = "<group>"; };
		B9FE574D2C6A4D0500F61A78 /* MkodoTechTestTests.xctest */ = {isa = PBXFileReference; explicitFileType = wrapper.cfbundle; includeInIndex = 0; path = MkodoTechTestTests.xctest; sourceTree = BUILT_PRODUCTS_DIR; };
		B9FE57512C6A4D0500F61A78 /* MkodoTechTestTests.swift */ = {isa = PBXFileReference; lastKnownFileType = sourcecode.swift; path = MkodoTechTestTests.swift; sourceTree = "<group>"; };
		B9FE57572C6A4D0500F61A78 /* MkodoTechTestUITests.xctest */ = {isa = PBXFileReference; explicitFileType = wrapper.cfbundle; includeInIndex = 0; path = MkodoTechTestUITests.xctest; sourceTree = BUILT_PRODUCTS_DIR; };
		B9FE575B2C6A4D0500F61A78 /* MkodoTechTestUITests.swift */ = {isa = PBXFileReference; lastKnownFileType = sourcecode.swift; path = MkodoTechTestUITests.swift; sourceTree = "<group>"; };
		B9FE575D2C6A4D0500F61A78 /* MkodoTechTestUITestsLaunchTests.swift */ = {isa = PBXFileReference; lastKnownFileType = sourcecode.swift; path = MkodoTechTestUITestsLaunchTests.swift; sourceTree = "<group>"; };
/* End PBXFileReference section */

/* Begin PBXFrameworksBuildPhase section */
		B9FE573A2C6A4D0100F61A78 /* Frameworks */ = {
			isa = PBXFrameworksBuildPhase;
			buildActionMask = 2147483647;
			files = (
			);
			runOnlyForDeploymentPostprocessing = 0;
		};
		B9FE574A2C6A4D0500F61A78 /* Frameworks */ = {
			isa = PBXFrameworksBuildPhase;
			buildActionMask = 2147483647;
			files = (
			);
			runOnlyForDeploymentPostprocessing = 0;
		};
		B9FE57542C6A4D0500F61A78 /* Frameworks */ = {
			isa = PBXFrameworksBuildPhase;
			buildActionMask = 2147483647;
			files = (
			);
			runOnlyForDeploymentPostprocessing = 0;
		};
/* End PBXFrameworksBuildPhase section */

/* Begin PBXGroup section */
		B9FE57342C6A4D0100F61A78 = {
			isa = PBXGroup;
			children = (
				B9FE573F2C6A4D0100F61A78 /* MkodoTechTest */,
				B9FE57502C6A4D0500F61A78 /* MkodoTechTestTests */,
				B9FE575A2C6A4D0500F61A78 /* MkodoTechTestUITests */,
				B9FE573E2C6A4D0100F61A78 /* Products */,
			);
			sourceTree = "<group>";
		};
		B9FE573E2C6A4D0100F61A78 /* Products */ = {
			isa = PBXGroup;
			children = (
				B9FE573D2C6A4D0100F61A78 /* MkodoTechTest.app */,
				B9FE574D2C6A4D0500F61A78 /* MkodoTechTestTests.xctest */,
				B9FE57572C6A4D0500F61A78 /* MkodoTechTestUITests.xctest */,
			);
			name = Products;
			sourceTree = "<group>";
		};
		B9FE573F2C6A4D0100F61A78 /* MkodoTechTest */ = {
			isa = PBXGroup;
			children = (
				B9FE57402C6A4D0100F61A78 /* MkodoTechTestApp.swift */,
				B9FE57422C6A4D0100F61A78 /* ContentView.swift */,
				B9FE57442C6A4D0500F61A78 /* Assets.xcassets */,
				B9FE57462C6A4D0500F61A78 /* Preview Content */,
			);
			path = MkodoTechTest;
			sourceTree = "<group>";
		};
		B9FE57462C6A4D0500F61A78 /* Preview Content */ = {
			isa = PBXGroup;
			children = (
				B9FE57472C6A4D0500F61A78 /* Preview Assets.xcassets */,
			);
			path = "Preview Content";
			sourceTree = "<group>";
		};
		B9FE57502C6A4D0500F61A78 /* MkodoTechTestTests */ = {
			isa = PBXGroup;
			children = (
				B9FE57512C6A4D0500F61A78 /* MkodoTechTestTests.swift */,
			);
			path = MkodoTechTestTests;
			sourceTree = "<group>";
		};
		B9FE575A2C6A4D0500F61A78 /* MkodoTechTestUITests */ = {
			isa = PBXGroup;
			children = (
				B9FE575B2C6A4D0500F61A78 /* MkodoTechTestUITests.swift */,
				B9FE575D2C6A4D0500F61A78 /* MkodoTechTestUITestsLaunchTests.swift */,
			);
			path = MkodoTechTestUITests;
			sourceTree = "<group>";
		};
/* End PBXGroup section */

/* Begin PBXNativeTarget section */
		B9FE573C2C6A4D0100F61A78 /* MkodoTechTest */ = {
			isa = PBXNativeTarget;
			buildConfigurationList = B9FE57612C6A4D0500F61A78 /* Build configuration list for PBXNativeTarget "MkodoTechTest" */;
			buildPhases = (
				B9FE57392C6A4D0100F61A78 /* Sources */,
				B9FE573A2C6A4D0100F61A78 /* Frameworks */,
				B9FE573B2C6A4D0100F61A78 /* Resources */,
			);
			buildRules = (
			);
			dependencies = (
			);
			name = MkodoTechTest;
			productName = MkodoTechTest;
			productReference = B9FE573D2C6A4D0100F61A78 /* MkodoTechTest.app */;
			productType = "com.apple.product-type.application";
		};
		B9FE574C2C6A4D0500F61A78 /* MkodoTechTestTests */ = {
			isa = PBXNativeTarget;
			buildConfigurationList = B9FE57642C6A4D0500F61A78 /* Build configuration list for PBXNativeTarget "MkodoTechTestTests" */;
			buildPhases = (
				B9FE57492C6A4D0500F61A78 /* Sources */,
				B9FE574A2C6A4D0500F61A78 /* Frameworks */,
				B9FE574B2C6A4D0500F61A78 /* Resources */,
			);
			buildRules = (
			);
			dependencies = (
				B9FE574F2C6A4D0500F61A78 /* PBXTargetDependency */,
			);
			name = MkodoTechTestTests;
			productName = MkodoTechTestTests;
			productReference = B9FE574D2C6A4D0500F61A78 /* MkodoTechTestTests.xctest */;
			productType = "com.apple.product-type.bundle.unit-test";
		};
		B9FE57562C6A4D0500F61A78 /* MkodoTechTestUITests */ = {
			isa = PBXNativeTarget;
			buildConfigurationList = B9FE57672C6A4D0500F61A78 /* Build configuration list for PBXNativeTarget "MkodoTechTestUITests" */;
			buildPhases = (
				B9FE57532C6A4D0500F61A78 /* Sources */,
				B9FE57542C6A4D0500F61A78 /* Frameworks */,
				B9FE57552C6A4D0500F61A78 /* Resources */,
			);
			buildRules = (
			);
			dependencies = (
				B9FE57592C6A4D0500F61A78 /* PBXTargetDependency */,
			);
			name = MkodoTechTestUITests;
			productName = MkodoTechTestUITests;
			productReference = B9FE57572C6A4D0500F61A78 /* MkodoTechTestUITests.xctest */;
			productType = "com.apple.product-type.bundle.ui-testing";
		};
/* End PBXNativeTarget section */

/* Begin PBXProject section */
		B9FE57352C6A4D0100F61A78 /* Project object */ = {
			isa = PBXProject;
			attributes = {
				BuildIndependentTargetsInParallel = 1;
				LastSwiftUpdateCheck = 1540;
				LastUpgradeCheck = 1540;
				TargetAttributes = {
					B9FE573C2C6A4D0100F61A78 = {
						CreatedOnToolsVersion = 15.4;
					};
					B9FE574C2C6A4D0500F61A78 = {
						CreatedOnToolsVersion = 15.4;
						TestTargetID = B9FE573C2C6A4D0100F61A78;
					};
					B9FE57562C6A4D0500F61A78 = {
						CreatedOnToolsVersion = 15.4;
						TestTargetID = B9FE573C2C6A4D0100F61A78;
					};
				};
			};
			buildConfigurationList = B9FE57382C6A4D0100F61A78 /* Build configuration list for PBXProject "MkodoTechTest" */;
			compatibilityVersion = "Xcode 14.0";
			developmentRegion = en;
			hasScannedForEncodings = 0;
			knownRegions = (
				en,
				Base,
			);
			mainGroup = B9FE57342C6A4D0100F61A78;
			productRefGroup = B9FE573E2C6A4D0100F61A78 /* Products */;
			projectDirPath = "";
			projectRoot = "";
			targets = (
				B9FE573C2C6A4D0100F61A78 /* MkodoTechTest */,
				B9FE574C2C6A4D0500F61A78 /* MkodoTechTestTests */,
				B9FE57562C6A4D0500F61A78 /* MkodoTechTestUITests */,
			);
		};
/* End PBXProject section */

/* Begin PBXResourcesBuildPhase section */
		B9FE573B2C6A4D0100F61A78 /* Resources */ = {
			isa = PBXResourcesBuildPhase;
			buildActionMask = 2147483647;
			files = (
				B9FE57482C6A4D0500F61A78 /* Preview Assets.xcassets in Resources */,
				B9FE57452C6A4D0500F61A78 /* Assets.xcassets in Resources */,
			);
			runOnlyForDeploymentPostprocessing = 0;
		};
		B9FE574B2C6A4D0500F61A78 /* Resources */ = {
			isa = PBXResourcesBuildPhase;
			buildActionMask = 2147483647;
			files = (
			);
			runOnlyForDeploymentPostprocessing = 0;
		};
		B9FE57552C6A4D0500F61A78 /* Resources */ = {
			isa = PBXResourcesBuildPhase;
			buildActionMask = 2147483647;
			files = (
			);
			runOnlyForDeploymentPostprocessing = 0;
		};
/* End PBXResourcesBuildPhase section */

/* Begin PBXSourcesBuildPhase section */
		B9FE57392C6A4D0100F61A78 /* Sources */ = {
			isa = PBXSourcesBuildPhase;
			buildActionMask = 2147483647;
			files = (
				B9FE57432C6A4D0100F61A78 /* ContentView.swift in Sources */,
				B9FE57412C6A4D0100F61A78 /* MkodoTechTestApp.swift in Sources */,
			);
			runOnlyForDeploymentPostprocessing = 0;
		};
		B9FE57492C6A4D0500F61A78 /* Sources */ = {
			isa = PBXSourcesBuildPhase;
			buildActionMask = 2147483647;
			files = (
				B9FE57522C6A4D0500F61A78 /* MkodoTechTestTests.swift in Sources */,
			);
			runOnlyForDeploymentPostprocessing = 0;
		};
		B9FE57532C6A4D0500F61A78 /* Sources */ = {
			isa = PBXSourcesBuildPhase;
			buildActionMask = 2147483647;
			files = (
				B9FE575C2C6A4D0500F61A78 /* MkodoTechTestUITests.swift in Sources */,
				B9FE575E2C6A4D0500F61A78 /* MkodoTechTestUITestsLaunchTests.swift in Sources */,
			);
			runOnlyForDeploymentPostprocessing = 0;
		};
/* End PBXSourcesBuildPhase section */

/* Begin PBXTargetDependency section */
		B9FE574F2C6A4D0500F61A78 /* PBXTargetDependency */ = {
			isa = PBXTargetDependency;
			target = B9FE573C2C6A4D0100F61A78 /* MkodoTechTest */;
			targetProxy = B9FE574E2C6A4D0500F61A78 /* PBXContainerItemProxy */;
		};
		B9FE57592C6A4D0500F61A78 /* PBXTargetDependency */ = {
			isa = PBXTargetDependency;
			target = B9FE573C2C6A4D0100F61A78 /* MkodoTechTest */;
			targetProxy = B9FE57582C6A4D0500F61A78 /* PBXContainerItemProxy */;
		};
/* End PBXTargetDependency section */

/* Begin XCBuildConfiguration section */
		B9FE575F2C6A4D0500F61A78 /* Debug */ = {
			isa = XCBuildConfiguration;
			buildSettings = {
				ALWAYS_SEARCH_USER_PATHS = NO;
				ASSETCATALOG_COMPILER_GENERATE_SWIFT_ASSET_SYMBOL_EXTENSIONS = YES;
				CLANG_ANALYZER_NONNULL = YES;
				CLANG_ANALYZER_NUMBER_OBJECT_CONVERSION = YES_AGGRESSIVE;
				CLANG_CXX_LANGUAGE_STANDARD = "gnu++20";
				CLANG_ENABLE_MODULES = YES;
				CLANG_ENABLE_OBJC_ARC = YES;
				CLANG_ENABLE_OBJC_WEAK = YES;
				CLANG_WARN_BLOCK_CAPTURE_AUTORELEASING = YES;
				CLANG_WARN_BOOL_CONVERSION = YES;
				CLANG_WARN_COMMA = YES;
				CLANG_WARN_CONSTANT_CONVERSION = YES;
				CLANG_WARN_DEPRECATED_OBJC_IMPLEMENTATIONS = YES;
				CLANG_WARN_DIRECT_OBJC_ISA_USAGE = YES_ERROR;
				CLANG_WARN_DOCUMENTATION_COMMENTS = YES;
				CLANG_WARN_EMPTY_BODY = YES;
				CLANG_WARN_ENUM_CONVERSION = YES;
				CLANG_WARN_INFINITE_RECURSION = YES;
				CLANG_WARN_INT_CONVERSION = YES;
				CLANG_WARN_NON_LITERAL_NULL_CONVERSION = YES;
				CLANG_WARN_OBJC_IMPLICIT_RETAIN_SELF = YES;
				CLANG_WARN_OBJC_LITERAL_CONVERSION = YES;
				CLANG_WARN_OBJC_ROOT_CLASS = YES_ERROR;
				CLANG_WARN_QUOTED_INCLUDE_IN_FRAMEWORK_HEADER = YES;
				CLANG_WARN_RANGE_LOOP_ANALYSIS = YES;
				CLANG_WARN_STRICT_PROTOTYPES = YES;
				CLANG_WARN_SUSPICIOUS_MOVE = YES;
				CLANG_WARN_UNGUARDED_AVAILABILITY = YES_AGGRESSIVE;
				CLANG_WARN_UNREACHABLE_CODE = YES;
				CLANG_WARN__DUPLICATE_METHOD_MATCH = YES;
				COPY_PHASE_STRIP = NO;
				DEBUG_INFORMATION_FORMAT = dwarf;
				ENABLE_STRICT_OBJC_MSGSEND = YES;
				ENABLE_TESTABILITY = YES;
				ENABLE_USER_SCRIPT_SANDBOXING = YES;
				GCC_C_LANGUAGE_STANDARD = gnu17;
				GCC_DYNAMIC_NO_PIC = NO;
				GCC_NO_COMMON_BLOCKS = YES;
				GCC_OPTIMIZATION_LEVEL = 0;
				GCC_PREPROCESSOR_DEFINITIONS = (
					"DEBUG=1",
					"$(inherited)",
				);
				GCC_WARN_64_TO_32_BIT_CONVERSION = YES;
				GCC_WARN_ABOUT_RETURN_TYPE = YES_ERROR;
				GCC_WARN_UNDECLARED_SELECTOR = YES;
				GCC_WARN_UNINITIALIZED_AUTOS = YES_AGGRESSIVE;
				GCC_WARN_UNUSED_FUNCTION = YES;
				GCC_WARN_UNUSED_VARIABLE = YES;
				IPHONEOS_DEPLOYMENT_TARGET = 17.5;
				LOCALIZATION_PREFERS_STRING_CATALOGS = YES;
				MTL_ENABLE_DEBUG_INFO = INCLUDE_SOURCE;
				MTL_FAST_MATH = YES;
				ONLY_ACTIVE_ARCH = YES;
				SDKROOT = iphoneos;
				SWIFT_ACTIVE_COMPILATION_CONDITIONS = "DEBUG $(inherited)";
				SWIFT_OPTIMIZATION_LEVEL = "-Onone";
			};
			name = Debug;
		};
		B9FE57602C6A4D0500F61A78 /* Release */ = {
			isa = XCBuildConfiguration;
			buildSettings = {
				ALWAYS_SEARCH_USER_PATHS = NO;
				ASSETCATALOG_COMPILER_GENERATE_SWIFT_ASSET_SYMBOL_EXTENSIONS = YES;
				CLANG_ANALYZER_NONNULL = YES;
				CLANG_ANALYZER_NUMBER_OBJECT_CONVERSION = YES_AGGRESSIVE;
				CLANG_CXX_LANGUAGE_STANDARD = "gnu++20";
				CLANG_ENABLE_MODULES = YES;
				CLANG_ENABLE_OBJC_ARC = YES;
				CLANG_ENABLE_OBJC_WEAK = YES;
				CLANG_WARN_BLOCK_CAPTURE_AUTORELEASING = YES;
				CLANG_WARN_BOOL_CONVERSION = YES;
				CLANG_WARN_COMMA = YES;
				CLANG_WARN_CONSTANT_CONVERSION = YES;
				CLANG_WARN_DEPRECATED_OBJC_IMPLEMENTATIONS = YES;
				CLANG_WARN_DIRECT_OBJC_ISA_USAGE = YES_ERROR;
				CLANG_WARN_DOCUMENTATION_COMMENTS = YES;
				CLANG_WARN_EMPTY_BODY = YES;
				CLANG_WARN_ENUM_CONVERSION = YES;
				CLANG_WARN_INFINITE_RECURSION = YES;
				CLANG_WARN_INT_CONVERSION = YES;
				CLANG_WARN_NON_LITERAL_NULL_CONVERSION = YES;
				CLANG_WARN_OBJC_IMPLICIT_RETAIN_SELF = YES;
				CLANG_WARN_OBJC_LITERAL_CONVERSION = YES;
				CLANG_WARN_OBJC_ROOT_CLASS = YES_ERROR;
				CLANG_WARN_QUOTED_INCLUDE_IN_FRAMEWORK_HEADER = YES;
				CLANG_WARN_RANGE_LOOP_ANALYSIS = YES;
				CLANG_WARN_STRICT_PROTOTYPES = YES;
				CLANG_WARN_SUSPICIOUS_MOVE = YES;
				CLANG_WARN_UNGUARDED_AVAILABILITY = YES_AGGRESSIVE;
				CLANG_WARN_UNREACHABLE_CODE = YES;
				CLANG_WARN__DUPLICATE_METHOD_MATCH = YES;
				COPY_PHASE_STRIP = NO;
				DEBUG_INFORMATION_FORMAT = "dwarf-with-dsym";
				ENABLE_NS_ASSERTIONS = NO;
				ENABLE_STRICT_OBJC_MSGSEND = YES;
				ENABLE_USER_SCRIPT_SANDBOXING = YES;
				GCC_C_LANGUAGE_STANDARD = gnu17;
				GCC_NO_COMMON_BLOCKS = YES;
				GCC_WARN_64_TO_32_BIT_CONVERSION = YES;
				GCC_WARN_ABOUT_RETURN_TYPE = YES_ERROR;
				GCC_WARN_UNDECLARED_SELECTOR = YES;
				GCC_WARN_UNINITIALIZED_AUTOS = YES_AGGRESSIVE;
				GCC_WARN_UNUSED_FUNCTION = YES;
				GCC_WARN_UNUSED_VARIABLE = YES;
				IPHONEOS_DEPLOYMENT_TARGET = 17.5;
				LOCALIZATION_PREFERS_STRING_CATALOGS = YES;
				MTL_ENABLE_DEBUG_INFO = NO;
				MTL_FAST_MATH = YES;
				SDKROOT = iphoneos;
				SWIFT_COMPILATION_MODE = wholemodule;
				VALIDATE_PRODUCT = YES;
			};
			name = Release;
		};
		B9FE57622C6A4D0500F61A78 /* Debug */ = {
			isa = XCBuildConfiguration;
			buildSettings = {
				ASSETCATALOG_COMPILER_APPICON_NAME = AppIcon;
				ASSETCATALOG_COMPILER_GLOBAL_ACCENT_COLOR_NAME = AccentColor;
				CODE_SIGN_STYLE = Automatic;
				CURRENT_PROJECT_VERSION = 1;
				DEVELOPMENT_ASSET_PATHS = "\"MkodoTechTest/Preview Content\"";
				DEVELOPMENT_TEAM = AQYT3RN82U;
				ENABLE_PREVIEWS = YES;
				GENERATE_INFOPLIST_FILE = YES;
				INFOPLIST_KEY_UIApplicationSceneManifest_Generation = YES;
				INFOPLIST_KEY_UIApplicationSupportsIndirectInputEvents = YES;
				INFOPLIST_KEY_UILaunchScreen_Generation = YES;
				INFOPLIST_KEY_UISupportedInterfaceOrientations_iPad = "UIInterfaceOrientationPortrait UIInterfaceOrientationPortraitUpsideDown UIInterfaceOrientationLandscapeLeft UIInterfaceOrientationLandscapeRight";
				INFOPLIST_KEY_UISupportedInterfaceOrientations_iPhone = "UIInterfaceOrientationPortrait UIInterfaceOrientationLandscapeLeft UIInterfaceOrientationLandscapeRight";
				LD_RUNPATH_SEARCH_PATHS = (
					"$(inherited)",
					"@executable_path/Frameworks",
				);
				MARKETING_VERSION = 1.0;
				PRODUCT_BUNDLE_IDENTIFIER = com.adrianogimenez.MkodoTechTest;
				PRODUCT_NAME = "$(TARGET_NAME)";
				SWIFT_EMIT_LOC_STRINGS = YES;
				SWIFT_VERSION = 5.0;
				TARGETED_DEVICE_FAMILY = "1,2";
			};
			name = Debug;
		};
		B9FE57632C6A4D0500F61A78 /* Release */ = {
			isa = XCBuildConfiguration;
			buildSettings = {
				ASSETCATALOG_COMPILER_APPICON_NAME = AppIcon;
				ASSETCATALOG_COMPILER_GLOBAL_ACCENT_COLOR_NAME = AccentColor;
				CODE_SIGN_STYLE = Automatic;
				CURRENT_PROJECT_VERSION = 1;
				DEVELOPMENT_ASSET_PATHS = "\"MkodoTechTest/Preview Content\"";
				DEVELOPMENT_TEAM = AQYT3RN82U;
				ENABLE_PREVIEWS = YES;
				GENERATE_INFOPLIST_FILE = YES;
				INFOPLIST_KEY_UIApplicationSceneManifest_Generation = YES;
				INFOPLIST_KEY_UIApplicationSupportsIndirectInputEvents = YES;
				INFOPLIST_KEY_UILaunchScreen_Generation = YES;
				INFOPLIST_KEY_UISupportedInterfaceOrientations_iPad = "UIInterfaceOrientationPortrait UIInterfaceOrientationPortraitUpsideDown UIInterfaceOrientationLandscapeLeft UIInterfaceOrientationLandscapeRight";
				INFOPLIST_KEY_UISupportedInterfaceOrientations_iPhone = "UIInterfaceOrientationPortrait UIInterfaceOrientationLandscapeLeft UIInterfaceOrientationLandscapeRight";
				LD_RUNPATH_SEARCH_PATHS = (
					"$(inherited)",
					"@executable_path/Frameworks",
				);
				MARKETING_VERSION = 1.0;
				PRODUCT_BUNDLE_IDENTIFIER = com.adrianogimenez.MkodoTechTest;
				PRODUCT_NAME = "$(TARGET_NAME)";
				SWIFT_EMIT_LOC_STRINGS = YES;
				SWIFT_VERSION = 5.0;
				TARGETED_DEVICE_FAMILY = "1,2";
			};
			name = Release;
		};
		B9FE57652C6A4D0500F61A78 /* Debug */ = {
			isa = XCBuildConfiguration;
			buildSettings = {
				ALWAYS_EMBED_SWIFT_STANDARD_LIBRARIES = YES;
				BUNDLE_LOADER = "$(TEST_HOST)";
				CODE_SIGN_STYLE = Automatic;
				CURRENT_PROJECT_VERSION = 1;
				DEVELOPMENT_TEAM = AQYT3RN82U;
				GENERATE_INFOPLIST_FILE = YES;
				IPHONEOS_DEPLOYMENT_TARGET = 17.5;
				MARKETING_VERSION = 1.0;
				PRODUCT_BUNDLE_IDENTIFIER = com.adrianogimenez.MkodoTechTestTests;
				PRODUCT_NAME = "$(TARGET_NAME)";
				SWIFT_EMIT_LOC_STRINGS = NO;
				SWIFT_VERSION = 5.0;
				TARGETED_DEVICE_FAMILY = "1,2";
				TEST_HOST = "$(BUILT_PRODUCTS_DIR)/MkodoTechTest.app/$(BUNDLE_EXECUTABLE_FOLDER_PATH)/MkodoTechTest";
			};
			name = Debug;
		};
		B9FE57662C6A4D0500F61A78 /* Release */ = {
			isa = XCBuildConfiguration;
			buildSettings = {
				ALWAYS_EMBED_SWIFT_STANDARD_LIBRARIES = YES;
				BUNDLE_LOADER = "$(TEST_HOST)";
				CODE_SIGN_STYLE = Automatic;
				CURRENT_PROJECT_VERSION = 1;
				DEVELOPMENT_TEAM = AQYT3RN82U;
				GENERATE_INFOPLIST_FILE = YES;
				IPHONEOS_DEPLOYMENT_TARGET = 17.5;
				MARKETING_VERSION = 1.0;
				PRODUCT_BUNDLE_IDENTIFIER = com.adrianogimenez.MkodoTechTestTests;
				PRODUCT_NAME = "$(TARGET_NAME)";
				SWIFT_EMIT_LOC_STRINGS = NO;
				SWIFT_VERSION = 5.0;
				TARGETED_DEVICE_FAMILY = "1,2";
				TEST_HOST = "$(BUILT_PRODUCTS_DIR)/MkodoTechTest.app/$(BUNDLE_EXECUTABLE_FOLDER_PATH)/MkodoTechTest";
			};
			name = Release;
		};
		B9FE57682C6A4D0500F61A78 /* Debug */ = {
			isa = XCBuildConfiguration;
			buildSettings = {
				ALWAYS_EMBED_SWIFT_STANDARD_LIBRARIES = YES;
				CODE_SIGN_STYLE = Automatic;
				CURRENT_PROJECT_VERSION = 1;
				DEVELOPMENT_TEAM = AQYT3RN82U;
				GENERATE_INFOPLIST_FILE = YES;
				MARKETING_VERSION = 1.0;
				PRODUCT_BUNDLE_IDENTIFIER = com.adrianogimenez.MkodoTechTestUITests;
				PRODUCT_NAME = "$(TARGET_NAME)";
				SWIFT_EMIT_LOC_STRINGS = NO;
				SWIFT_VERSION = 5.0;
				TARGETED_DEVICE_FAMILY = "1,2";
				TEST_TARGET_NAME = MkodoTechTest;
			};
			name = Debug;
		};
		B9FE57692C6A4D0500F61A78 /* Release */ = {
			isa = XCBuildConfiguration;
			buildSettings = {
				ALWAYS_EMBED_SWIFT_STANDARD_LIBRARIES = YES;
				CODE_SIGN_STYLE = Automatic;
				CURRENT_PROJECT_VERSION = 1;
				DEVELOPMENT_TEAM = AQYT3RN82U;
				GENERATE_INFOPLIST_FILE = YES;
				MARKETING_VERSION = 1.0;
				PRODUCT_BUNDLE_IDENTIFIER = com.adrianogimenez.MkodoTechTestUITests;
				PRODUCT_NAME = "$(TARGET_NAME)";
				SWIFT_EMIT_LOC_STRINGS = NO;
				SWIFT_VERSION = 5.0;
				TARGETED_DEVICE_FAMILY = "1,2";
				TEST_TARGET_NAME = MkodoTechTest;
			};
			name = Release;
		};
/* End XCBuildConfiguration section */

/* Begin XCConfigurationList section */
		B9FE57382C6A4D0100F61A78 /* Build configuration list for PBXProject "MkodoTechTest" */ = {
			isa = XCConfigurationList;
			buildConfigurations = (
				B9FE575F2C6A4D0500F61A78 /* Debug */,
				B9FE57602C6A4D0500F61A78 /* Release */,
			);
			defaultConfigurationIsVisible = 0;
			defaultConfigurationName = Release;
		};
		B9FE57612C6A4D0500F61A78 /* Build configuration list for PBXNativeTarget "MkodoTechTest" */ = {
			isa = XCConfigurationList;
			buildConfigurations = (
				B9FE57622C6A4D0500F61A78 /* Debug */,
				B9FE57632C6A4D0500F61A78 /* Release */,
			);
			defaultConfigurationIsVisible = 0;
			defaultConfigurationName = Release;
		};
		B9FE57642C6A4D0500F61A78 /* Build configuration list for PBXNativeTarget "MkodoTechTestTests" */ = {
			isa = XCConfigurationList;
			buildConfigurations = (
				B9FE57652C6A4D0500F61A78 /* Debug */,
				B9FE57662C6A4D0500F61A78 /* Release */,
			);
			defaultConfigurationIsVisible = 0;
			defaultConfigurationName = Release;
		};
		B9FE57672C6A4D0500F61A78 /* Build configuration list for PBXNativeTarget "MkodoTechTestUITests" */ = {
			isa = XCConfigurationList;
			buildConfigurations = (
				B9FE57682C6A4D0500F61A78 /* Debug */,
				B9FE57692C6A4D0500F61A78 /* Release */,
			);
			defaultConfigurationIsVisible = 0;
			defaultConfigurationName = Release;
		};
/* End XCConfigurationList section */
	};
	rootObject = B9FE57352C6A4D0100F61A78 /* Project object */;
}
